
Microsoft Visual Studio Solution File, Format Version 12.00
# Visual Studio 15
VisualStudioVersion = 15.0.28307.168
MinimumVisualStudioVersion = 10.0.40219.1
Project("{FAE04EC0-301F-11D3-BF4B-00C04F79EFBC}") = "NotesWEBAPI", "NotesWEBAPI\NotesWEBAPI.csproj", "{687EFF14-4B28-4398-B463-8C1DC531C725}"
EndProject
Global
	GlobalSection(SolutionConfigurationPlatforms) = preSolution
		Debug|Any CPU = Debug|Any CPU
		Release|Any CPU = Release|Any CPU
	EndGlobalSection
	GlobalSection(ProjectConfigurationPlatforms) = postSolution
		{687EFF14-4B28-4398-B463-8C1DC531C725}.Debug|Any CPU.ActiveCfg = Debug|Any CPU
		{687EFF14-4B28-4398-B463-8C1DC531C725}.Debug|Any CPU.Build.0 = Debug|Any CPU
		{687EFF14-4B28-4398-B463-8C1DC531C725}.Release|Any CPU.ActiveCfg = Release|Any CPU
		{687EFF14-4B28-4398-B463-8C1DC531C725}.Release|Any CPU.Build.0 = Release|Any CPU
	EndGlobalSection
	GlobalSection(SolutionProperties) = preSolution
		HideSolutionNode = FALSE
	EndGlobalSection
	GlobalSection(ExtensibilityGlobals) = postSolution
		SolutionGuid = {7657C32D-E8F0-464B-A01E-ADBAB5AE0E1B}
	EndGlobalSection
EndGlobal
